# This file is automatically @generated by Cargo.
# It is not intended for manual editing.
version = 4

[[package]]
name = "mg101-agent-core"
version = "0.1.0"
dependencies = [
 "mg101-core",
]

[[package]]
name = "mg101-core"
version = "0.1.0"

[[package]]
name = "mg101-desktop"
version = "0.1.0"
dependencies = [
 "mg101-agent-core",
 "mg101-core",
 "mg101-device-link",
 "mg101-library",
 "mg101-pack-nux-mg101",
 "mg101-transfer-engine",
]

[[package]]
name = "mg101-device-link"
version = "0.1.0"

[[package]]
name = "mg101-device-pack-api"
version = "0.1.0"
dependencies = [
 "mg101-device-link",
]

[[package]]
name = "mg101-library"
version = "0.1.0"
dependencies = [
 "mg101-core",
]

[[package]]
name = "mg101-mcp"
version = "0.1.0"
dependencies = [
 "mg101-agent-core",
 "mg101-core",
]

[[package]]
name = "mg101-pack-nux-mg101"
version = "0.1.0"
dependencies = [
 "mg101-core",
 "mg101-device-link",
 "mg101-device-pack-api",
]

[[package]]
name = "mg101-transfer-engine"
version = "0.1.0"
dependencies = [
 "mg101-core",
 "mg101-device-pack-api",
 "mg101-library",
]
